
Microsoft Visual Studio Solution File, Format Version 12.00
# Visual Studio Version 17
VisualStudioVersion = 17.9.34728.123
MinimumVisualStudioVersion = 10.0.40219.1
Project("{9A19103F-16F7-4668-BE54-9A1E7A4F7556}") = "ContactsManager", "ContactsManager\ContactsManager\ContactsManager.csproj", "{C5D5B1F3-0897-4D1F-8619-345528EC34B1}"
EndProject
Project("{9A19103F-16F7-4668-BE54-9A1E7A4F7556}") = "ContactsManager.Client", "ContactsManager\ContactsManager.Client\ContactsManager.Client.csproj", "{DE15C1F6-00C5-46C3-A308-C41385938F2D}"
EndProject
Project("{9A19103F-16F7-4668-BE54-9A1E7A4F7556}") = "ContactsManager.Shared", "ContactsManager.Shared\ContactsManager.Shared.csproj", "{231D9766-9633-46A4-82FE-C0D91F433927}"
EndProject
Project("{9A19103F-16F7-4668-BE54-9A1E7A4F7556}") = "ContactsManager.Repositories", "ContactsManager.Repositories\ContactsManager.Repositories.csproj", "{D5226E93-1799-4AE2-965B-6A2893DD6E52}"
EndProject
Global
	GlobalSection(SolutionConfigurationPlatforms) = preSolution
		Debug|Any CPU = Debug|Any CPU
		Release|Any CPU = Release|Any CPU
	EndGlobalSection
	GlobalSection(ProjectConfigurationPlatforms) = postSolution
		{C5D5B1F3-0897-4D1F-8619-345528EC34B1}.Debug|Any CPU.ActiveCfg = Debug|Any CPU
		{C5D5B1F3-0897-4D1F-8619-345528EC34B1}.Debug|Any CPU.Build.0 = Debug|Any CPU
		{C5D5B1F3-0897-4D1F-8619-345528EC34B1}.Release|Any CPU.ActiveCfg = Release|Any CPU
		{C5D5B1F3-0897-4D1F-8619-345528EC34B1}.Release|Any CPU.Build.0 = Release|Any CPU
		{DE15C1F6-00C5-46C3-A308-C41385938F2D}.Debug|Any CPU.ActiveCfg = Debug|Any CPU
		{DE15C1F6-00C5-46C3-A308-C41385938F2D}.Debug|Any CPU.Build.0 = Debug|Any CPU
		{DE15C1F6-00C5-46C3-A308-C41385938F2D}.Release|Any CPU.ActiveCfg = Release|Any CPU
		{DE15C1F6-00C5-46C3-A308-C41385938F2D}.Release|Any CPU.Build.0 = Release|Any CPU
		{231D9766-9633-46A4-82FE-C0D91F433927}.Debug|Any CPU.ActiveCfg = Debug|Any CPU
		{231D9766-9633-46A4-82FE-C0D91F433927}.Debug|Any CPU.Build.0 = Debug|Any CPU
		{231D9766-9633-46A4-82FE-C0D91F433927}.Release|Any CPU.ActiveCfg = Release|Any CPU
		{231D9766-9633-46A4-82FE-C0D91F433927}.Release|Any CPU.Build.0 = Release|Any CPU
		{D5226E93-1799-4AE2-965B-6A2893DD6E52}.Debug|Any CPU.ActiveCfg = Debug|Any CPU
		{D5226E93-1799-4AE2-965B-6A2893DD6E52}.Debug|Any CPU.Build.0 = Debug|Any CPU
		{D5226E93-1799-4AE2-965B-6A2893DD6E52}.Release|Any CPU.ActiveCfg = Release|Any CPU
		{D5226E93-1799-4AE2-965B-6A2893DD6E52}.Release|Any CPU.Build.0 = Release|Any CPU
	EndGlobalSection
	GlobalSection(SolutionProperties) = preSolution
		HideSolutionNode = FALSE
	EndGlobalSection
	GlobalSection(ExtensibilityGlobals) = postSolution
		SolutionGuid = {56690B0C-CF72-4135-AF89-4555F85E30DF}
	EndGlobalSection
EndGlobal
